
Microsoft Visual Studio Solution File, Format Version 12.00
# Visual Studio Version 17
VisualStudioVersion = 17.0.31717.71
MinimumVisualStudioVersion = 10.0.40219.1
Project("{9A19103F-16F7-4668-BE54-9A1E7A4F7556}") = "MultiSEngine", "MultiSEngine\MultiSEngine.csproj", "{2C970AD3-B402-47AA-AD4E-DC6D3516BF07}"
EndProject
Project("{FAE04EC0-301F-11D3-BF4B-00C04F79EFBC}") = "MultiSEngine.TShock", "..\MultiSEngine.TShock\MultiSEngine.TShock\MultiSEngine.TShock.csproj", "{140D6D24-1EA3-45C1-AC9B-E5266FED1A94}"
	ProjectSection(ProjectDependencies) = postProject
		{2C970AD3-B402-47AA-AD4E-DC6D3516BF07} = {2C970AD3-B402-47AA-AD4E-DC6D3516BF07}
	EndProjectSection
EndProject
Project("{9A19103F-16F7-4668-BE54-9A1E7A4F7556}") = "MultiSEngine.Crossplay", "..\MultiSEngine.Crossplay\MultiSEngine.Crossplay\MultiSEngine.Crossplay.csproj", "{F4E1DCDC-231D-4894-BB77-A52D36A9BFB0}"
	ProjectSection(ProjectDependencies) = postProject
		{2C970AD3-B402-47AA-AD4E-DC6D3516BF07} = {2C970AD3-B402-47AA-AD4E-DC6D3516BF07}
	EndProjectSection
EndProject
Project("{9A19103F-16F7-4668-BE54-9A1E7A4F7556}") = "TrProtocol", "..\TrProtocol\TrProtocol\TrProtocol.csproj", "{55D48711-E5A5-434E-A267-67C0A62B32C2}"
EndProject
Global
	GlobalSection(SolutionConfigurationPlatforms) = preSolution
		Debug|Any CPU = Debug|Any CPU
		Release|Any CPU = Release|Any CPU
	EndGlobalSection
	GlobalSection(ProjectConfigurationPlatforms) = postSolution
		{2C970AD3-B402-47AA-AD4E-DC6D3516BF07}.Debug|Any CPU.ActiveCfg = Debug|Any CPU
		{2C970AD3-B402-47AA-AD4E-DC6D3516BF07}.Debug|Any CPU.Build.0 = Debug|Any CPU
		{2C970AD3-B402-47AA-AD4E-DC6D3516BF07}.Release|Any CPU.ActiveCfg = Release|Any CPU
		{2C970AD3-B402-47AA-AD4E-DC6D3516BF07}.Release|Any CPU.Build.0 = Release|Any CPU
		{140D6D24-1EA3-45C1-AC9B-E5266FED1A94}.Debug|Any CPU.ActiveCfg = Debug|Any CPU
		{140D6D24-1EA3-45C1-AC9B-E5266FED1A94}.Debug|Any CPU.Build.0 = Debug|Any CPU
		{140D6D24-1EA3-45C1-AC9B-E5266FED1A94}.Release|Any CPU.ActiveCfg = Release|Any CPU
		{140D6D24-1EA3-45C1-AC9B-E5266FED1A94}.Release|Any CPU.Build.0 = Release|Any CPU
		{F4E1DCDC-231D-4894-BB77-A52D36A9BFB0}.Debug|Any CPU.ActiveCfg = Debug|Any CPU
		{F4E1DCDC-231D-4894-BB77-A52D36A9BFB0}.Debug|Any CPU.Build.0 = Debug|Any CPU
		{F4E1DCDC-231D-4894-BB77-A52D36A9BFB0}.Release|Any CPU.ActiveCfg = Release|Any CPU
		{F4E1DCDC-231D-4894-BB77-A52D36A9BFB0}.Release|Any CPU.Build.0 = Release|Any CPU
		{55D48711-E5A5-434E-A267-67C0A62B32C2}.Debug|Any CPU.ActiveCfg = Debug|Any CPU
		{55D48711-E5A5-434E-A267-67C0A62B32C2}.Debug|Any CPU.Build.0 = Debug|Any CPU
		{55D48711-E5A5-434E-A267-67C0A62B32C2}.Release|Any CPU.ActiveCfg = Release|Any CPU
		{55D48711-E5A5-434E-A267-67C0A62B32C2}.Release|Any CPU.Build.0 = Release|Any CPU
	EndGlobalSection
	GlobalSection(SolutionProperties) = preSolution
		HideSolutionNode = FALSE
	EndGlobalSection
	GlobalSection(ExtensibilityGlobals) = postSolution
		SolutionGuid = {A4FCF29E-76B2-4A8C-95D7-216ED2484C26}
	EndGlobalSection
EndGlobal
